// !$*UTF8*$!
{
	archiveVersion = 1;
	classes = {
	};
	objectVersion = 48;
	objects = {

/* Begin PBXBuildFile section */
		FDD6786A1F7D9051002F4D33 /* AppDelegate.swift in Sources */ = {isa = PBXBuildFile; fileRef = FDD678691F7D9051002F4D33 /* AppDelegate.swift */; };
		FDD678711F7D9051002F4D33 /* Assets.xcassets in Resources */ = {isa = PBXBuildFile; fileRef = FDD678701F7D9051002F4D33 /* Assets.xcassets */; };
		FDD678741F7D9051002F4D33 /* LaunchScreen.storyboard in Resources */ = {isa = PBXBuildFile; fileRef = FDD678721F7D9051002F4D33 /* LaunchScreen.storyboard */; };
		FDD6787D1F7D90B5002F4D33 /* TabBarController.swift in Sources */ = {isa = PBXBuildFile; fileRef = FDD6787C1F7D90B5002F4D33 /* TabBarController.swift */; };
		FDD678821F7D93E7002F4D33 /* Cartography.framework in Frameworks */ = {isa = PBXBuildFile; fileRef = FDD678801F7D93E7002F4D33 /* Cartography.framework */; };
		FDD678831F7D93E7002F4D33 /* ESTabBarController.framework in Frameworks */ = {isa = PBXBuildFile; fileRef = FDD678811F7D93E7002F4D33 /* ESTabBarController.framework */; };
		FDD678851F7D944E002F4D33 /* HomeVC.swift in Sources */ = {isa = PBXBuildFile; fileRef = FDD678841F7D944E002F4D33 /* HomeVC.swift */; };
		FDD678881F7D9616002F4D33 /* Extensions.swift in Sources */ = {isa = PBXBuildFile; fileRef = FDD678871F7D9616002F4D33 /* Extensions.swift */; };
/* End PBXBuildFile section */

/* Begin PBXFileReference section */
		FDD678661F7D9051002F4D33 /* Timeu.app */ = {isa = PBXFileReference; explicitFileType = wrapper.application; includeInIndex = 0; path = Timeu.app; sourceTree = BUILT_PRODUCTS_DIR; };
		FDD678691F7D9051002F4D33 /* AppDelegate.swift */ = {isa = PBXFileReference; lastKnownFileType = sourcecode.swift; path = AppDelegate.swift; sourceTree = "<group>"; };
		FDD678701F7D9051002F4D33 /* Assets.xcassets */ = {isa = PBXFileReference; lastKnownFileType = folder.assetcatalog; path = Assets.xcassets; sourceTree = "<group>"; };
		FDD678731F7D9051002F4D33 /* Base */ = {isa = PBXFileReference; lastKnownFileType = file.storyboard; name = Base; path = Base.lproj/LaunchScreen.storyboard; sourceTree = "<group>"; };
		FDD678751F7D9051002F4D33 /* Info.plist */ = {isa = PBXFileReference; lastKnownFileType = text.plist.xml; path = Info.plist; sourceTree = "<group>"; };
		FDD6787C1F7D90B5002F4D33 /* TabBarController.swift */ = {isa = PBXFileReference; lastKnownFileType = sourcecode.swift; path = TabBarController.swift; sourceTree = "<group>"; };
		FDD678801F7D93E7002F4D33 /* Cartography.framework */ = {isa = PBXFileReference; lastKnownFileType = wrapper.framework; name = Cartography.framework; path = Carthage/Build/iOS/Cartography.framework; sourceTree = "<group>"; };
		FDD678811F7D93E7002F4D33 /* ESTabBarController.framework */ = {isa = PBXFileReference; lastKnownFileType = wrapper.framework; name = ESTabBarController.framework; path = Carthage/Build/iOS/ESTabBarController.framework; sourceTree = "<group>"; };
		FDD678841F7D944E002F4D33 /* HomeVC.swift */ = {isa = PBXFileReference; lastKnownFileType = sourcecode.swift; path = HomeVC.swift; sourceTree = "<group>"; };
		FDD678871F7D9616002F4D33 /* Extensions.swift */ = {isa = PBXFileReference; lastKnownFileType = sourcecode.swift; path = Extensions.swift; sourceTree = "<group>"; };
/* End PBXFileReference section */

/* Begin PBXFrameworksBuildPhase section */
		FDD678631F7D9051002F4D33 /* Frameworks */ = {
			isa = PBXFrameworksBuildPhase;
			buildActionMask = 2147483647;
			files = (
				FDD678821F7D93E7002F4D33 /* Cartography.framework in Frameworks */,
				FDD678831F7D93E7002F4D33 /* ESTabBarController.framework in Frameworks */,
			);
			runOnlyForDeploymentPostprocessing = 0;
		};
/* End PBXFrameworksBuildPhase section */

/* Begin PBXGroup section */
		FDD6785D1F7D9051002F4D33 = {
			isa = PBXGroup;
			children = (
				FDD678681F7D9051002F4D33 /* Timeu */,
				FDD678671F7D9051002F4D33 /* Products */,
				FDD6787F1F7D93E7002F4D33 /* Frameworks */,
			);
			sourceTree = "<group>";
		};
		FDD678671F7D9051002F4D33 /* Products */ = {
			isa = PBXGroup;
			children = (
				FDD678661F7D9051002F4D33 /* Timeu.app */,
			);
			name = Products;
			sourceTree = "<group>";
		};
		FDD678681F7D9051002F4D33 /* Timeu */ = {
			isa = PBXGroup;
			children = (
				FDD678861F7D960D002F4D33 /* Helper */,
				FDD6787B1F7D90A3002F4D33 /* Controller */,
				FDD678691F7D9051002F4D33 /* AppDelegate.swift */,
				FDD678701F7D9051002F4D33 /* Assets.xcassets */,
				FDD678721F7D9051002F4D33 /* LaunchScreen.storyboard */,
				FDD678751F7D9051002F4D33 /* Info.plist */,
			);
			path = Timeu;
			sourceTree = "<group>";
		};
		FDD6787B1F7D90A3002F4D33 /* Controller */ = {
			isa = PBXGroup;
			children = (
				FDD6787C1F7D90B5002F4D33 /* TabBarController.swift */,
				FDD678841F7D944E002F4D33 /* HomeVC.swift */,
			);
			path = Controller;
			sourceTree = "<group>";
		};
		FDD6787F1F7D93E7002F4D33 /* Frameworks */ = {
			isa = PBXGroup;
			children = (
				FDD678801F7D93E7002F4D33 /* Cartography.framework */,
				FDD678811F7D93E7002F4D33 /* ESTabBarController.framework */,
			);
			name = Frameworks;
			sourceTree = "<group>";
		};
		FDD678861F7D960D002F4D33 /* Helper */ = {
			isa = PBXGroup;
			children = (
				FDD678871F7D9616002F4D33 /* Extensions.swift */,
			);
			path = Helper;
			sourceTree = "<group>";
		};
/* End PBXGroup section */

/* Begin PBXNativeTarget section */
		FDD678651F7D9051002F4D33 /* Timeu */ = {
			isa = PBXNativeTarget;
			buildConfigurationList = FDD678781F7D9051002F4D33 /* Build configuration list for PBXNativeTarget "Timeu" */;
			buildPhases = (
				FDD678621F7D9051002F4D33 /* Sources */,
				FDD678631F7D9051002F4D33 /* Frameworks */,
				FDD678641F7D9051002F4D33 /* Resources */,
				FDD6787E1F7D9387002F4D33 /* ShellScript */,
			);
			buildRules = (
			);
			dependencies = (
			);
			name = Timeu;
			productName = Timeu;
			productReference = FDD678661F7D9051002F4D33 /* Timeu.app */;
			productType = "com.apple.product-type.application";
		};
/* End PBXNativeTarget section */

/* Begin PBXProject section */
		FDD6785E1F7D9051002F4D33 /* Project object */ = {
			isa = PBXProject;
			attributes = {
				LastSwiftUpdateCheck = 0900;
				LastUpgradeCheck = 0900;
				ORGANIZATIONNAME = "Sebastian Limbach";
				TargetAttributes = {
					FDD678651F7D9051002F4D33 = {
						CreatedOnToolsVersion = 9.0;
						ProvisioningStyle = Automatic;
					};
				};
			};
			buildConfigurationList = FDD678611F7D9051002F4D33 /* Build configuration list for PBXProject "Timeu" */;
			compatibilityVersion = "Xcode 8.0";
			developmentRegion = en;
			hasScannedForEncodings = 0;
			knownRegions = (
				en,
				Base,
			);
			mainGroup = FDD6785D1F7D9051002F4D33;
			productRefGroup = FDD678671F7D9051002F4D33 /* Products */;
			projectDirPath = "";
			projectRoot = "";
			targets = (
				FDD678651F7D9051002F4D33 /* Timeu */,
			);
		};
/* End PBXProject section */

/* Begin PBXResourcesBuildPhase section */
		FDD678641F7D9051002F4D33 /* Resources */ = {
			isa = PBXResourcesBuildPhase;
			buildActionMask = 2147483647;
			files = (
				FDD678741F7D9051002F4D33 /* LaunchScreen.storyboard in Resources */,
				FDD678711F7D9051002F4D33 /* Assets.xcassets in Resources */,
			);
			runOnlyForDeploymentPostprocessing = 0;
		};
/* End PBXResourcesBuildPhase section */

/* Begin PBXShellScriptBuildPhase section */
		FDD6787E1F7D9387002F4D33 /* ShellScript */ = {
			isa = PBXShellScriptBuildPhase;
			buildActionMask = 2147483647;
			files = (
			);
			inputPaths = (
				"$(SRCROOT)/Carthage/Build/iOS/Cartography.framework",
				"$(SRCROOT)/Carthage/Build/iOS/ESTabBarController.framework",
			);
			outputPaths = (
			);
			runOnlyForDeploymentPostprocessing = 0;
			shellPath = /bin/sh;
			shellScript = "/usr/local/bin/carthage copy-frameworks";
		};
/* End PBXShellScriptBuildPhase section */

/* Begin PBXSourcesBuildPhase section */
		FDD678621F7D9051002F4D33 /* Sources */ = {
			isa = PBXSourcesBuildPhase;
			buildActionMask = 2147483647;
			files = (
				FDD678851F7D944E002F4D33 /* HomeVC.swift in Sources */,
				FDD6786A1F7D9051002F4D33 /* AppDelegate.swift in Sources */,
				FDD6787D1F7D90B5002F4D33 /* TabBarController.swift in Sources */,
				FDD678881F7D9616002F4D33 /* Extensions.swift in Sources */,
			);
			runOnlyForDeploymentPostprocessing = 0;
		};
/* End PBXSourcesBuildPhase section */

/* Begin PBXVariantGroup section */
		FDD678721F7D9051002F4D33 /* LaunchScreen.storyboard */ = {
			isa = PBXVariantGroup;
			children = (
				FDD678731F7D9051002F4D33 /* Base */,
			);
			name = LaunchScreen.storyboard;
			sourceTree = "<group>";
		};
/* End PBXVariantGroup section */

/* Begin XCBuildConfiguration section */
		FDD678761F7D9051002F4D33 /* Debug */ = {
			isa = XCBuildConfiguration;
			buildSettings = {
				ALWAYS_SEARCH_USER_PATHS = NO;
				CLANG_ANALYZER_NONNULL = YES;
				CLANG_ANALYZER_NUMBER_OBJECT_CONVERSION = YES_AGGRESSIVE;
				CLANG_CXX_LANGUAGE_STANDARD = "gnu++14";
				CLANG_CXX_LIBRARY = "libc++";
				CLANG_ENABLE_MODULES = YES;
				CLANG_ENABLE_OBJC_ARC = YES;
				CLANG_WARN_BLOCK_CAPTURE_AUTORELEASING = YES;
				CLANG_WARN_BOOL_CONVERSION = YES;
				CLANG_WARN_COMMA = YES;
				CLANG_WARN_CONSTANT_CONVERSION = YES;
				CLANG_WARN_DIRECT_OBJC_ISA_USAGE = YES_ERROR;
				CLANG_WARN_DOCUMENTATION_COMMENTS = YES;
				CLANG_WARN_EMPTY_BODY = YES;
				CLANG_WARN_ENUM_CONVERSION = YES;
				CLANG_WARN_INFINITE_RECURSION = YES;
				CLANG_WARN_INT_CONVERSION = YES;
				CLANG_WARN_NON_LITERAL_NULL_CONVERSION = YES;
				CLANG_WARN_OBJC_LITERAL_CONVERSION = YES;
				CLANG_WARN_OBJC_ROOT_CLASS = YES_ERROR;
				CLANG_WARN_RANGE_LOOP_ANALYSIS = YES;
				CLANG_WARN_STRICT_PROTOTYPES = YES;
				CLANG_WARN_SUSPICIOUS_MOVE = YES;
				CLANG_WARN_UNGUARDED_AVAILABILITY = YES_AGGRESSIVE;
				CLANG_WARN_UNREACHABLE_CODE = YES;
				CLANG_WARN__DUPLICATE_METHOD_MATCH = YES;
				CODE_SIGN_IDENTITY = "iPhone Developer";
				COPY_PHASE_STRIP = NO;
				DEBUG_INFORMATION_FORMAT = dwarf;
				ENABLE_STRICT_OBJC_MSGSEND = YES;
				ENABLE_TESTABILITY = YES;
				GCC_C_LANGUAGE_STANDARD = gnu11;
				GCC_DYNAMIC_NO_PIC = NO;
				GCC_NO_COMMON_BLOCKS = YES;
				GCC_OPTIMIZATION_LEVEL = 0;
				GCC_PREPROCESSOR_DEFINITIONS = (
					"DEBUG=1",
					"$(inherited)",
				);
				GCC_WARN_64_TO_32_BIT_CONVERSION = YES;
				GCC_WARN_ABOUT_RETURN_TYPE = YES_ERROR;
				GCC_WARN_UNDECLARED_SELECTOR = YES;
				GCC_WARN_UNINITIALIZED_AUTOS = YES_AGGRESSIVE;
				GCC_WARN_UNUSED_FUNCTION = YES;
				GCC_WARN_UNUSED_VARIABLE = YES;
				IPHONEOS_DEPLOYMENT_TARGET = 11.0;
				MTL_ENABLE_DEBUG_INFO = YES;
				ONLY_ACTIVE_ARCH = YES;
				SDKROOT = iphoneos;
				SWIFT_ACTIVE_COMPILATION_CONDITIONS = DEBUG;
				SWIFT_OPTIMIZATION_LEVEL = "-Onone";
			};
			name = Debug;
		};
		FDD678771F7D9051002F4D33 /* Release */ = {
			isa = XCBuildConfiguration;
			buildSettings = {
				ALWAYS_SEARCH_USER_PATHS = NO;
				CLANG_ANALYZER_NONNULL = YES;
				CLANG_ANALYZER_NUMBER_OBJECT_CONVERSION = YES_AGGRESSIVE;
				CLANG_CXX_LANGUAGE_STANDARD = "gnu++14";
				CLANG_CXX_LIBRARY = "libc++";
				CLANG_ENABLE_MODULES = YES;
				CLANG_ENABLE_OBJC_ARC = YES;
				CLANG_WARN_BLOCK_CAPTURE_AUTORELEASING = YES;
				CLANG_WARN_BOOL_CONVERSION = YES;
				CLANG_WARN_COMMA = YES;
				CLANG_WARN_CONSTANT_CONVERSION = YES;
				CLANG_WARN_DIRECT_OBJC_ISA_USAGE = YES_ERROR;
				CLANG_WARN_DOCUMENTATION_COMMENTS = YES;
				CLANG_WARN_EMPTY_BODY = YES;
				CLANG_WARN_ENUM_CONVERSION = YES;
				CLANG_WARN_INFINITE_RECURSION = YES;
				CLANG_WARN_INT_CONVERSION = YES;
				CLANG_WARN_NON_LITERAL_NULL_CONVERSION = YES;
				CLANG_WARN_OBJC_LITERAL_CONVERSION = YES;
				CLANG_WARN_OBJC_ROOT_CLASS = YES_ERROR;
				CLANG_WARN_RANGE_LOOP_ANALYSIS = YES;
				CLANG_WARN_STRICT_PROTOTYPES = YES;
				CLANG_WARN_SUSPICIOUS_MOVE = YES;
				CLANG_WARN_UNGUARDED_AVAILABILITY = YES_AGGRESSIVE;
				CLANG_WARN_UNREACHABLE_CODE = YES;
				CLANG_WARN__DUPLICATE_METHOD_MATCH = YES;
				CODE_SIGN_IDENTITY = "iPhone Developer";
				COPY_PHASE_STRIP = NO;
				DEBUG_INFORMATION_FORMAT = "dwarf-with-dsym";
				ENABLE_NS_ASSERTIONS = NO;
				ENABLE_STRICT_OBJC_MSGSEND = YES;
				GCC_C_LANGUAGE_STANDARD = gnu11;
				GCC_NO_COMMON_BLOCKS = YES;
				GCC_WARN_64_TO_32_BIT_CONVERSION = YES;
				GCC_WARN_ABOUT_RETURN_TYPE = YES_ERROR;
				GCC_WARN_UNDECLARED_SELECTOR = YES;
				GCC_WARN_UNINITIALIZED_AUTOS = YES_AGGRESSIVE;
				GCC_WARN_UNUSED_FUNCTION = YES;
				GCC_WARN_UNUSED_VARIABLE = YES;
				IPHONEOS_DEPLOYMENT_TARGET = 11.0;
				MTL_ENABLE_DEBUG_INFO = NO;
				SDKROOT = iphoneos;
				SWIFT_OPTIMIZATION_LEVEL = "-Owholemodule";
				VALIDATE_PRODUCT = YES;
			};
			name = Release;
		};
		FDD678791F7D9051002F4D33 /* Debug */ = {
			isa = XCBuildConfiguration;
			buildSettings = {
				ASSETCATALOG_COMPILER_APPICON_NAME = AppIcon;
				CODE_SIGN_STYLE = Automatic;
				DEVELOPMENT_TEAM = 62M3E2NF3A;
				FRAMEWORK_SEARCH_PATHS = (
					"$(inherited)",
					"$(PROJECT_DIR)/Carthage/Build/iOS",
				);
				INFOPLIST_FILE = Timeu/Info.plist;
				LD_RUNPATH_SEARCH_PATHS = "$(inherited) @executable_path/Frameworks";
				PRODUCT_BUNDLE_IDENTIFIER = com.sebastianlimbach.Timeu;
				PRODUCT_NAME = "$(TARGET_NAME)";
				SWIFT_VERSION = 4.0;
				TARGETED_DEVICE_FAMILY = "1,2";
			};
			name = Debug;
		};
		FDD6787A1F7D9051002F4D33 /* Release */ = {
			isa = XCBuildConfiguration;
			buildSettings = {
				ASSETCATALOG_COMPILER_APPICON_NAME = AppIcon;
				CODE_SIGN_STYLE = Automatic;
				DEVELOPMENT_TEAM = 62M3E2NF3A;
				FRAMEWORK_SEARCH_PATHS = (
					"$(inherited)",
					"$(PROJECT_DIR)/Carthage/Build/iOS",
				);
				INFOPLIST_FILE = Timeu/Info.plist;
				LD_RUNPATH_SEARCH_PATHS = "$(inherited) @executable_path/Frameworks";
				PRODUCT_BUNDLE_IDENTIFIER = com.sebastianlimbach.Timeu;
				PRODUCT_NAME = "$(TARGET_NAME)";
				SWIFT_VERSION = 4.0;
				TARGETED_DEVICE_FAMILY = "1,2";
			};
			name = Release;
		};
/* End XCBuildConfiguration section */

/* Begin XCConfigurationList section */
		FDD678611F7D9051002F4D33 /* Build configuration list for PBXProject "Timeu" */ = {
			isa = XCConfigurationList;
			buildConfigurations = (
				FDD678761F7D9051002F4D33 /* Debug */,
				FDD678771F7D9051002F4D33 /* Release */,
			);
			defaultConfigurationIsVisible = 0;
			defaultConfigurationName = Release;
		};
		FDD678781F7D9051002F4D33 /* Build configuration list for PBXNativeTarget "Timeu" */ = {
			isa = XCConfigurationList;
			buildConfigurations = (
				FDD678791F7D9051002F4D33 /* Debug */,
				FDD6787A1F7D9051002F4D33 /* Release */,
			);
			defaultConfigurationIsVisible = 0;
			defaultConfigurationName = Release;
		};
/* End XCConfigurationList section */
	};
	rootObject = FDD6785E1F7D9051002F4D33 /* Project object */;
}
